{
  "version": 4,
  "terraform_version": "1.11.4",
  "serial": 11,
  "lineage": "99d5c4ba-9fda-8fc5-9d24-b84931b318c1",
  "outputs": {
    "hello_datacenter": {
      "value": "hel1-dc2",
      "type": "string"
    },
    "hello_ip_addr": {
      "value": "135.181.144.208",
      "type": "string"
    }
  },
  "resources": [
    {
      "mode": "managed",
      "type": "hcloud_firewall",
      "name": "sshFw",
      "provider": "provider[\"registry.terraform.io/hetznercloud/hcloud\"]",
      "instances": [
        {
          "schema_version": 0,
          "attributes": {
            "apply_to": [
              {
                "label_selector": "",
                "server": 63539738
              }
            ],
            "id": "2086207",
            "labels": {},
            "name": "ssh-firewall",
            "rule": [
              {
                "description": "",
                "destination_ips": [],
                "direction": "in",
                "port": "22",
                "protocol": "tcp",
                "source_ips": [
                  "0.0.0.0/0",
                  "::/0"
                ]
              }
            ]
          },
          "sensitive_attributes": [],
          "private": "bnVsbA=="
        }
      ]
    },
    {
      "mode": "managed",
      "type": "hcloud_server",
      "name": "helloServer",
      "provider": "provider[\"registry.terraform.io/hetznercloud/hcloud\"]",
      "instances": [
        {
          "schema_version": 0,
          "attributes": {
            "allow_deprecated_images": false,
            "backup_window": "",
            "backups": false,
            "datacenter": "hel1-dc2",
            "delete_protection": false,
            "firewall_ids": [
              2086207
            ],
            "id": "63539738",
            "ignore_remote_firewall_ids": false,
            "image": "debian-12",
            "ipv4_address": "135.181.144.208",
            "ipv6_address": "2a01:4f9:c013:ced5::1",
            "ipv6_network": "2a01:4f9:c013:ced5::/64",
            "iso": null,
            "keep_disk": false,
            "labels": {},
            "location": "hel1",
            "name": "hello",
            "network": [],
            "placement_group_id": 0,
            "primary_disk_size": 40,
            "public_net": [],
            "rebuild_protection": false,
            "rescue": null,
            "server_type": "cx22",
            "shutdown_before_deletion": false,
            "ssh_keys": [
              "28693949"
            ],
            "status": "running",
            "timeouts": null,
            "user_data": null
          },
          "sensitive_attributes": [],
          "private": "eyJlMmJmYjczMC1lY2FhLTExZTYtOGY4OC0zNDM2M2JjN2M0YzAiOnsiY3JlYXRlIjo1NDAwMDAwMDAwMDAwfX0=",
          "dependencies": [
            "hcloud_firewall.sshFw",
            "hcloud_ssh_key.loginRobin"
          ]
        }
      ]
    },
    {
      "mode": "managed",
      "type": "hcloud_ssh_key",
      "name": "loginRobin",
      "provider": "provider[\"registry.terraform.io/hetznercloud/hcloud\"]",
      "instances": [
        {
          "schema_version": 0,
          "attributes": {
            "fingerprint": "86:ea:05:55:90:4c:cd:f4:c8:45:04:d5:5a:c5:c1:78",
            "id": "28693949",
            "labels": {},
            "name": "robin@Robin-Laptop",
            "public_key": "ssh-ed25519 AAAAC3NzaC1lZDI1NTE5AAAAIOn0s6GaBWiZhImfjB2KJaKsbSL5qbsdxo6LbELF8X3p schmidtrobin02@gmail.com\r\n"
          },
          "sensitive_attributes": []
        }
      ]
    }
  ],
  "check_results": null
}
